
Microsoft Visual Studio Solution File, Format Version 12.00
# Visual Studio Version 17
VisualStudioVersion = 17.14.36518.9 d17.14
MinimumVisualStudioVersion = 10.0.40219.1
Project("{FAE04EC0-301F-11D3-BF4B-00C04F79EFBC}") = "assignment2", "assignment2.csproj", "{892535CF-4207-438A-96AB-E243A5E0C44B}"
EndProject
Global
	GlobalSection(SolutionConfigurationPlatforms) = preSolution
		Debug|Any CPU = Debug|Any CPU
		Release|Any CPU = Release|Any CPU
	EndGlobalSection
	GlobalSection(ProjectConfigurationPlatforms) = postSolution
		{892535CF-4207-438A-96AB-E243A5E0C44B}.Debug|Any CPU.ActiveCfg = Debug|Any CPU
		{892535CF-4207-438A-96AB-E243A5E0C44B}.Debug|Any CPU.Build.0 = Debug|Any CPU
		{892535CF-4207-438A-96AB-E243A5E0C44B}.Release|Any CPU.ActiveCfg = Release|Any CPU
		{892535CF-4207-438A-96AB-E243A5E0C44B}.Release|Any CPU.Build.0 = Release|Any CPU
	EndGlobalSection
	GlobalSection(SolutionProperties) = preSolution
		HideSolutionNode = FALSE
	EndGlobalSection
	GlobalSection(ExtensibilityGlobals) = postSolution
		SolutionGuid = {7203E268-AFE4-44E5-AB6A-374C804EB1E2}
	EndGlobalSection
EndGlobal
